
Microsoft Visual Studio Solution File, Format Version 12.00
# Visual Studio Version 17
VisualStudioVersion = 17.0.32014.148
MinimumVisualStudioVersion = 10.0.40219.1
Project("{9A19103F-16F7-4668-BE54-9A1E7A4F7556}") = "Honk.Server", "Honk\Server\Honk.Server.csproj", "{70A325CE-09C6-4389-AC5B-890F120ACA58}"
EndProject
Project("{9A19103F-16F7-4668-BE54-9A1E7A4F7556}") = "Honk.Client", "Honk\Client\Honk.Client.csproj", "{4B890900-DE2E-460B-83B4-F7F1F1B12488}"
EndProject
Project("{9A19103F-16F7-4668-BE54-9A1E7A4F7556}") = "Honk.Shared", "Honk\Shared\Honk.Shared.csproj", "{99724C7D-6E10-4E02-96B8-9C52D32951CF}"
EndProject
Project("{2150E333-8FDC-42A3-9474-1A3956D46DE8}") = "Solution Items", "Solution Items", "{4C7C9F26-61C3-44E6-B7DA-4235CEF964E2}"
	ProjectSection(SolutionItems) = preProject
		.editorconfig = .editorconfig
	EndProjectSection
EndProject
Global
	GlobalSection(SolutionConfigurationPlatforms) = preSolution
		Debug|Any CPU = Debug|Any CPU
		Release|Any CPU = Release|Any CPU
	EndGlobalSection
	GlobalSection(ProjectConfigurationPlatforms) = postSolution
		{70A325CE-09C6-4389-AC5B-890F120ACA58}.Debug|Any CPU.ActiveCfg = Debug|Any CPU
		{70A325CE-09C6-4389-AC5B-890F120ACA58}.Debug|Any CPU.Build.0 = Debug|Any CPU
		{70A325CE-09C6-4389-AC5B-890F120ACA58}.Release|Any CPU.ActiveCfg = Release|Any CPU
		{70A325CE-09C6-4389-AC5B-890F120ACA58}.Release|Any CPU.Build.0 = Release|Any CPU
		{4B890900-DE2E-460B-83B4-F7F1F1B12488}.Debug|Any CPU.ActiveCfg = Debug|Any CPU
		{4B890900-DE2E-460B-83B4-F7F1F1B12488}.Debug|Any CPU.Build.0 = Debug|Any CPU
		{4B890900-DE2E-460B-83B4-F7F1F1B12488}.Release|Any CPU.ActiveCfg = Release|Any CPU
		{4B890900-DE2E-460B-83B4-F7F1F1B12488}.Release|Any CPU.Build.0 = Release|Any CPU
		{99724C7D-6E10-4E02-96B8-9C52D32951CF}.Debug|Any CPU.ActiveCfg = Debug|Any CPU
		{99724C7D-6E10-4E02-96B8-9C52D32951CF}.Debug|Any CPU.Build.0 = Debug|Any CPU
		{99724C7D-6E10-4E02-96B8-9C52D32951CF}.Release|Any CPU.ActiveCfg = Release|Any CPU
		{99724C7D-6E10-4E02-96B8-9C52D32951CF}.Release|Any CPU.Build.0 = Release|Any CPU
	EndGlobalSection
	GlobalSection(SolutionProperties) = preSolution
		HideSolutionNode = FALSE
	EndGlobalSection
	GlobalSection(ExtensibilityGlobals) = postSolution
		SolutionGuid = {7542F043-83FE-4CFA-8792-DC203F8415A6}
	EndGlobalSection
EndGlobal
